// !$*UTF8*$!
{
	archiveVersion = 1;
	classes = {
	};
	objectVersion = 56;
	objects = {

/* Begin PBXBuildFile section */
		BF2DAE6129C49A260008F9FA /* Kingfisher in Frameworks */ = {isa = PBXBuildFile; productRef = BF2DAE6029C49A260008F9FA /* Kingfisher */; };
		BF423FE629C3114C001573D7 /* AppDelegate.swift in Sources */ = {isa = PBXBuildFile; fileRef = BF423FE529C3114C001573D7 /* AppDelegate.swift */; };
		BF423FE829C3114C001573D7 /* SceneDelegate.swift in Sources */ = {isa = PBXBuildFile; fileRef = BF423FE729C3114C001573D7 /* SceneDelegate.swift */; };
		BF423FED29C3114C001573D7 /* Main.storyboard in Resources */ = {isa = PBXBuildFile; fileRef = BF423FEB29C3114C001573D7 /* Main.storyboard */; };
		BF423FEF29C3114D001573D7 /* Assets.xcassets in Resources */ = {isa = PBXBuildFile; fileRef = BF423FEE29C3114D001573D7 /* Assets.xcassets */; };
		BF423FF229C3114D001573D7 /* LaunchScreen.storyboard in Resources */ = {isa = PBXBuildFile; fileRef = BF423FF029C3114D001573D7 /* LaunchScreen.storyboard */; };
		BF423FFD29C3114D001573D7 /* myPizzaAppTests.swift in Sources */ = {isa = PBXBuildFile; fileRef = BF423FFC29C3114D001573D7 /* myPizzaAppTests.swift */; };
		BF42400729C3114D001573D7 /* myPizzaAppUITests.swift in Sources */ = {isa = PBXBuildFile; fileRef = BF42400629C3114D001573D7 /* myPizzaAppUITests.swift */; };
		BF42400929C3114D001573D7 /* myPizzaAppUITestsLaunchTests.swift in Sources */ = {isa = PBXBuildFile; fileRef = BF42400829C3114D001573D7 /* myPizzaAppUITestsLaunchTests.swift */; };
		BF42401629C31241001573D7 /* ListViewController.swift in Sources */ = {isa = PBXBuildFile; fileRef = BF42401529C31241001573D7 /* ListViewController.swift */; };
		BF696CDE29C31E4D00113C8B /* BasketViewController.swift in Sources */ = {isa = PBXBuildFile; fileRef = BF696CDD29C31E4D00113C8B /* BasketViewController.swift */; };
		BF696CE029C31EFD00113C8B /* PizzaModel.swift in Sources */ = {isa = PBXBuildFile; fileRef = BF696CDF29C31EFD00113C8B /* PizzaModel.swift */; };
		BF696CE229C3242500113C8B /* AppConfig.swift in Sources */ = {isa = PBXBuildFile; fileRef = BF696CE129C3242500113C8B /* AppConfig.swift */; };
		BF696CE429C32AE700113C8B /* PizzaCollectionViewCell.swift in Sources */ = {isa = PBXBuildFile; fileRef = BF696CE329C32AE700113C8B /* PizzaCollectionViewCell.swift */; };
		BF696CE629C338BD00113C8B /* ConfigFetcher.swift in Sources */ = {isa = PBXBuildFile; fileRef = BF696CE529C338BD00113C8B /* ConfigFetcher.swift */; };
		BF696CE829C345DD00113C8B /* HomeViewController.swift in Sources */ = {isa = PBXBuildFile; fileRef = BF696CE729C345DD00113C8B /* HomeViewController.swift */; };
/* End PBXBuildFile section */

/* Begin PBXContainerItemProxy section */
		BF423FF929C3114D001573D7 /* PBXContainerItemProxy */ = {
			isa = PBXContainerItemProxy;
			containerPortal = BF423FDA29C3114C001573D7 /* Project object */;
			proxyType = 1;
			remoteGlobalIDString = BF423FE129C3114C001573D7;
			remoteInfo = myPizzaApp;
		};
		BF42400329C3114D001573D7 /* PBXContainerItemProxy */ = {
			isa = PBXContainerItemProxy;
			containerPortal = BF423FDA29C3114C001573D7 /* Project object */;
			proxyType = 1;
			remoteGlobalIDString = BF423FE129C3114C001573D7;
			remoteInfo = myPizzaApp;
		};
/* End PBXContainerItemProxy section */

/* Begin PBXFileReference section */
		BF423FE229C3114C001573D7 /* myPizzaApp.app */ = {isa = PBXFileReference; explicitFileType = wrapper.application; includeInIndex = 0; path = myPizzaApp.app; sourceTree = BUILT_PRODUCTS_DIR; };
		BF423FE529C3114C001573D7 /* AppDelegate.swift */ = {isa = PBXFileReference; lastKnownFileType = sourcecode.swift; path = AppDelegate.swift; sourceTree = "<group>"; };
		BF423FE729C3114C001573D7 /* SceneDelegate.swift */ = {isa = PBXFileReference; lastKnownFileType = sourcecode.swift; path = SceneDelegate.swift; sourceTree = "<group>"; };
		BF423FEC29C3114C001573D7 /* Base */ = {isa = PBXFileReference; lastKnownFileType = file.storyboard; name = Base; path = Base.lproj/Main.storyboard; sourceTree = "<group>"; };
		BF423FEE29C3114D001573D7 /* Assets.xcassets */ = {isa = PBXFileReference; lastKnownFileType = folder.assetcatalog; path = Assets.xcassets; sourceTree = "<group>"; };
		BF423FF129C3114D001573D7 /* Base */ = {isa = PBXFileReference; lastKnownFileType = file.storyboard; name = Base; path = Base.lproj/LaunchScreen.storyboard; sourceTree = "<group>"; };
		BF423FF329C3114D001573D7 /* Info.plist */ = {isa = PBXFileReference; lastKnownFileType = text.plist.xml; path = Info.plist; sourceTree = "<group>"; };
		BF423FF829C3114D001573D7 /* myPizzaAppTests.xctest */ = {isa = PBXFileReference; explicitFileType = wrapper.cfbundle; includeInIndex = 0; path = myPizzaAppTests.xctest; sourceTree = BUILT_PRODUCTS_DIR; };
		BF423FFC29C3114D001573D7 /* myPizzaAppTests.swift */ = {isa = PBXFileReference; lastKnownFileType = sourcecode.swift; path = myPizzaAppTests.swift; sourceTree = "<group>"; };
		BF42400229C3114D001573D7 /* myPizzaAppUITests.xctest */ = {isa = PBXFileReference; explicitFileType = wrapper.cfbundle; includeInIndex = 0; path = myPizzaAppUITests.xctest; sourceTree = BUILT_PRODUCTS_DIR; };
		BF42400629C3114D001573D7 /* myPizzaAppUITests.swift */ = {isa = PBXFileReference; lastKnownFileType = sourcecode.swift; path = myPizzaAppUITests.swift; sourceTree = "<group>"; };
		BF42400829C3114D001573D7 /* myPizzaAppUITestsLaunchTests.swift */ = {isa = PBXFileReference; lastKnownFileType = sourcecode.swift; path = myPizzaAppUITestsLaunchTests.swift; sourceTree = "<group>"; };
		BF42401529C31241001573D7 /* ListViewController.swift */ = {isa = PBXFileReference; lastKnownFileType = sourcecode.swift; path = ListViewController.swift; sourceTree = "<group>"; };
		BF696CDD29C31E4D00113C8B /* BasketViewController.swift */ = {isa = PBXFileReference; lastKnownFileType = sourcecode.swift; path = BasketViewController.swift; sourceTree = "<group>"; };
		BF696CDF29C31EFD00113C8B /* PizzaModel.swift */ = {isa = PBXFileReference; lastKnownFileType = sourcecode.swift; path = PizzaModel.swift; sourceTree = "<group>"; };
		BF696CE129C3242500113C8B /* AppConfig.swift */ = {isa = PBXFileReference; lastKnownFileType = sourcecode.swift; path = AppConfig.swift; sourceTree = "<group>"; };
		BF696CE329C32AE700113C8B /* PizzaCollectionViewCell.swift */ = {isa = PBXFileReference; lastKnownFileType = sourcecode.swift; path = PizzaCollectionViewCell.swift; sourceTree = "<group>"; };
		BF696CE529C338BD00113C8B /* ConfigFetcher.swift */ = {isa = PBXFileReference; lastKnownFileType = sourcecode.swift; path = ConfigFetcher.swift; sourceTree = "<group>"; };
		BF696CE729C345DD00113C8B /* HomeViewController.swift */ = {isa = PBXFileReference; lastKnownFileType = sourcecode.swift; path = HomeViewController.swift; sourceTree = "<group>"; };
/* End PBXFileReference section */

/* Begin PBXFrameworksBuildPhase section */
		BF423FDF29C3114C001573D7 /* Frameworks */ = {
			isa = PBXFrameworksBuildPhase;
			buildActionMask = 2147483647;
			files = (
				BF2DAE6129C49A260008F9FA /* Kingfisher in Frameworks */,
			);
			runOnlyForDeploymentPostprocessing = 0;
		};
		BF423FF529C3114D001573D7 /* Frameworks */ = {
			isa = PBXFrameworksBuildPhase;
			buildActionMask = 2147483647;
			files = (
			);
			runOnlyForDeploymentPostprocessing = 0;
		};
		BF423FFF29C3114D001573D7 /* Frameworks */ = {
			isa = PBXFrameworksBuildPhase;
			buildActionMask = 2147483647;
			files = (
			);
			runOnlyForDeploymentPostprocessing = 0;
		};
/* End PBXFrameworksBuildPhase section */

/* Begin PBXGroup section */
		BF423FD929C3114C001573D7 = {
			isa = PBXGroup;
			children = (
				BF423FE429C3114C001573D7 /* myPizzaApp */,
				BF423FFB29C3114D001573D7 /* myPizzaAppTests */,
				BF42400529C3114D001573D7 /* myPizzaAppUITests */,
				BF423FE329C3114C001573D7 /* Products */,
			);
			sourceTree = "<group>";
		};
		BF423FE329C3114C001573D7 /* Products */ = {
			isa = PBXGroup;
			children = (
				BF423FE229C3114C001573D7 /* myPizzaApp.app */,
				BF423FF829C3114D001573D7 /* myPizzaAppTests.xctest */,
				BF42400229C3114D001573D7 /* myPizzaAppUITests.xctest */,
			);
			name = Products;
			sourceTree = "<group>";
		};
		BF423FE429C3114C001573D7 /* myPizzaApp */ = {
			isa = PBXGroup;
			children = (
				BF423FE529C3114C001573D7 /* AppDelegate.swift */,
				BF423FE729C3114C001573D7 /* SceneDelegate.swift */,
				BF696CDF29C31EFD00113C8B /* PizzaModel.swift */,
				BF696CE129C3242500113C8B /* AppConfig.swift */,
				BF42401529C31241001573D7 /* ListViewController.swift */,
				BF696CE529C338BD00113C8B /* ConfigFetcher.swift */,
				BF696CE329C32AE700113C8B /* PizzaCollectionViewCell.swift */,
				BF696CDD29C31E4D00113C8B /* BasketViewController.swift */,
				BF423FEB29C3114C001573D7 /* Main.storyboard */,
				BF696CE729C345DD00113C8B /* HomeViewController.swift */,
				BF423FEE29C3114D001573D7 /* Assets.xcassets */,
				BF423FF029C3114D001573D7 /* LaunchScreen.storyboard */,
				BF423FF329C3114D001573D7 /* Info.plist */,
			);
			path = myPizzaApp;
			sourceTree = "<group>";
		};
		BF423FFB29C3114D001573D7 /* myPizzaAppTests */ = {
			isa = PBXGroup;
			children = (
				BF423FFC29C3114D001573D7 /* myPizzaAppTests.swift */,
			);
			path = myPizzaAppTests;
			sourceTree = "<group>";
		};
		BF42400529C3114D001573D7 /* myPizzaAppUITests */ = {
			isa = PBXGroup;
			children = (
				BF42400629C3114D001573D7 /* myPizzaAppUITests.swift */,
				BF42400829C3114D001573D7 /* myPizzaAppUITestsLaunchTests.swift */,
			);
			path = myPizzaAppUITests;
			sourceTree = "<group>";
		};
/* End PBXGroup section */

/* Begin PBXNativeTarget section */
		BF423FE129C3114C001573D7 /* myPizzaApp */ = {
			isa = PBXNativeTarget;
			buildConfigurationList = BF42400C29C3114D001573D7 /* Build configuration list for PBXNativeTarget "myPizzaApp" */;
			buildPhases = (
				BF423FDE29C3114C001573D7 /* Sources */,
				BF423FDF29C3114C001573D7 /* Frameworks */,
				BF423FE029C3114C001573D7 /* Resources */,
			);
			buildRules = (
			);
			dependencies = (
			);
			name = myPizzaApp;
			packageProductDependencies = (
				BF2DAE6029C49A260008F9FA /* Kingfisher */,
			);
			productName = myPizzaApp;
			productReference = BF423FE229C3114C001573D7 /* myPizzaApp.app */;
			productType = "com.apple.product-type.application";
		};
		BF423FF729C3114D001573D7 /* myPizzaAppTests */ = {
			isa = PBXNativeTarget;
			buildConfigurationList = BF42400F29C3114D001573D7 /* Build configuration list for PBXNativeTarget "myPizzaAppTests" */;
			buildPhases = (
				BF423FF429C3114D001573D7 /* Sources */,
				BF423FF529C3114D001573D7 /* Frameworks */,
				BF423FF629C3114D001573D7 /* Resources */,
			);
			buildRules = (
			);
			dependencies = (
				BF423FFA29C3114D001573D7 /* PBXTargetDependency */,
			);
			name = myPizzaAppTests;
			productName = myPizzaAppTests;
			productReference = BF423FF829C3114D001573D7 /* myPizzaAppTests.xctest */;
			productType = "com.apple.product-type.bundle.unit-test";
		};
		BF42400129C3114D001573D7 /* myPizzaAppUITests */ = {
			isa = PBXNativeTarget;
			buildConfigurationList = BF42401229C3114D001573D7 /* Build configuration list for PBXNativeTarget "myPizzaAppUITests" */;
			buildPhases = (
				BF423FFE29C3114D001573D7 /* Sources */,
				BF423FFF29C3114D001573D7 /* Frameworks */,
				BF42400029C3114D001573D7 /* Resources */,
			);
			buildRules = (
			);
			dependencies = (
				BF42400429C3114D001573D7 /* PBXTargetDependency */,
			);
			name = myPizzaAppUITests;
			productName = myPizzaAppUITests;
			productReference = BF42400229C3114D001573D7 /* myPizzaAppUITests.xctest */;
			productType = "com.apple.product-type.bundle.ui-testing";
		};
/* End PBXNativeTarget section */

/* Begin PBXProject section */
		BF423FDA29C3114C001573D7 /* Project object */ = {
			isa = PBXProject;
			attributes = {
				BuildIndependentTargetsInParallel = 1;
				LastSwiftUpdateCheck = 1420;
				LastUpgradeCheck = 1420;
				TargetAttributes = {
					BF423FE129C3114C001573D7 = {
						CreatedOnToolsVersion = 14.2;
					};
					BF423FF729C3114D001573D7 = {
						CreatedOnToolsVersion = 14.2;
						TestTargetID = BF423FE129C3114C001573D7;
					};
					BF42400129C3114D001573D7 = {
						CreatedOnToolsVersion = 14.2;
						TestTargetID = BF423FE129C3114C001573D7;
					};
				};
			};
			buildConfigurationList = BF423FDD29C3114C001573D7 /* Build configuration list for PBXProject "myPizzaApp" */;
			compatibilityVersion = "Xcode 14.0";
			developmentRegion = en;
			hasScannedForEncodings = 0;
			knownRegions = (
				en,
				Base,
			);
			mainGroup = BF423FD929C3114C001573D7;
			packageReferences = (
				BF2DAE5F29C49A260008F9FA /* XCRemoteSwiftPackageReference "Kingfisher" */,
			);
			productRefGroup = BF423FE329C3114C001573D7 /* Products */;
			projectDirPath = "";
			projectRoot = "";
			targets = (
				BF423FE129C3114C001573D7 /* myPizzaApp */,
				BF423FF729C3114D001573D7 /* myPizzaAppTests */,
				BF42400129C3114D001573D7 /* myPizzaAppUITests */,
			);
		};
/* End PBXProject section */

/* Begin PBXResourcesBuildPhase section */
		BF423FE029C3114C001573D7 /* Resources */ = {
			isa = PBXResourcesBuildPhase;
			buildActionMask = 2147483647;
			files = (
				BF423FF229C3114D001573D7 /* LaunchScreen.storyboard in Resources */,
				BF423FEF29C3114D001573D7 /* Assets.xcassets in Resources */,
				BF423FED29C3114C001573D7 /* Main.storyboard in Resources */,
			);
			runOnlyForDeploymentPostprocessing = 0;
		};
		BF423FF629C3114D001573D7 /* Resources */ = {
			isa = PBXResourcesBuildPhase;
			buildActionMask = 2147483647;
			files = (
			);
			runOnlyForDeploymentPostprocessing = 0;
		};
		BF42400029C3114D001573D7 /* Resources */ = {
			isa = PBXResourcesBuildPhase;
			buildActionMask = 2147483647;
			files = (
			);
			runOnlyForDeploymentPostprocessing = 0;
		};
/* End PBXResourcesBuildPhase section */

/* Begin PBXSourcesBuildPhase section */
		BF423FDE29C3114C001573D7 /* Sources */ = {
			isa = PBXSourcesBuildPhase;
			buildActionMask = 2147483647;
			files = (
				BF423FE629C3114C001573D7 /* AppDelegate.swift in Sources */,
				BF42401629C31241001573D7 /* ListViewController.swift in Sources */,
				BF696CE029C31EFD00113C8B /* PizzaModel.swift in Sources */,
				BF696CE229C3242500113C8B /* AppConfig.swift in Sources */,
				BF696CDE29C31E4D00113C8B /* BasketViewController.swift in Sources */,
				BF696CE829C345DD00113C8B /* HomeViewController.swift in Sources */,
				BF696CE629C338BD00113C8B /* ConfigFetcher.swift in Sources */,
				BF423FE829C3114C001573D7 /* SceneDelegate.swift in Sources */,
				BF696CE429C32AE700113C8B /* PizzaCollectionViewCell.swift in Sources */,
			);
			runOnlyForDeploymentPostprocessing = 0;
		};
		BF423FF429C3114D001573D7 /* Sources */ = {
			isa = PBXSourcesBuildPhase;
			buildActionMask = 2147483647;
			files = (
				BF423FFD29C3114D001573D7 /* myPizzaAppTests.swift in Sources */,
			);
			runOnlyForDeploymentPostprocessing = 0;
		};
		BF423FFE29C3114D001573D7 /* Sources */ = {
			isa = PBXSourcesBuildPhase;
			buildActionMask = 2147483647;
			files = (
				BF42400729C3114D001573D7 /* myPizzaAppUITests.swift in Sources */,
				BF42400929C3114D001573D7 /* myPizzaAppUITestsLaunchTests.swift in Sources */,
			);
			runOnlyForDeploymentPostprocessing = 0;
		};
/* End PBXSourcesBuildPhase section */

/* Begin PBXTargetDependency section */
		BF423FFA29C3114D001573D7 /* PBXTargetDependency */ = {
			isa = PBXTargetDependency;
			target = BF423FE129C3114C001573D7 /* myPizzaApp */;
			targetProxy = BF423FF929C3114D001573D7 /* PBXContainerItemProxy */;
		};
		BF42400429C3114D001573D7 /* PBXTargetDependency */ = {
			isa = PBXTargetDependency;
			target = BF423FE129C3114C001573D7 /* myPizzaApp */;
			targetProxy = BF42400329C3114D001573D7 /* PBXContainerItemProxy */;
		};
/* End PBXTargetDependency section */

/* Begin PBXVariantGroup section */
		BF423FEB29C3114C001573D7 /* Main.storyboard */ = {
			isa = PBXVariantGroup;
			children = (
				BF423FEC29C3114C001573D7 /* Base */,
			);
			name = Main.storyboard;
			sourceTree = "<group>";
		};
		BF423FF029C3114D001573D7 /* LaunchScreen.storyboard */ = {
			isa = PBXVariantGroup;
			children = (
				BF423FF129C3114D001573D7 /* Base */,
			);
			name = LaunchScreen.storyboard;
			sourceTree = "<group>";
		};
/* End PBXVariantGroup section */

/* Begin XCBuildConfiguration section */
		BF42400A29C3114D001573D7 /* Debug */ = {
			isa = XCBuildConfiguration;
			buildSettings = {
				ALWAYS_SEARCH_USER_PATHS = NO;
				CLANG_ANALYZER_NONNULL = YES;
				CLANG_ANALYZER_NUMBER_OBJECT_CONVERSION = YES_AGGRESSIVE;
				CLANG_CXX_LANGUAGE_STANDARD = "gnu++20";
				CLANG_ENABLE_MODULES = YES;
				CLANG_ENABLE_OBJC_ARC = YES;
				CLANG_ENABLE_OBJC_WEAK = YES;
				CLANG_WARN_BLOCK_CAPTURE_AUTORELEASING = YES;
				CLANG_WARN_BOOL_CONVERSION = YES;
				CLANG_WARN_COMMA = YES;
				CLANG_WARN_CONSTANT_CONVERSION = YES;
				CLANG_WARN_DEPRECATED_OBJC_IMPLEMENTATIONS = YES;
				CLANG_WARN_DIRECT_OBJC_ISA_USAGE = YES_ERROR;
				CLANG_WARN_DOCUMENTATION_COMMENTS = YES;
				CLANG_WARN_EMPTY_BODY = YES;
				CLANG_WARN_ENUM_CONVERSION = YES;
				CLANG_WARN_INFINITE_RECURSION = YES;
				CLANG_WARN_INT_CONVERSION = YES;
				CLANG_WARN_NON_LITERAL_NULL_CONVERSION = YES;
				CLANG_WARN_OBJC_IMPLICIT_RETAIN_SELF = YES;
				CLANG_WARN_OBJC_LITERAL_CONVERSION = YES;
				CLANG_WARN_OBJC_ROOT_CLASS = YES_ERROR;
				CLANG_WARN_QUOTED_INCLUDE_IN_FRAMEWORK_HEADER = YES;
				CLANG_WARN_RANGE_LOOP_ANALYSIS = YES;
				CLANG_WARN_STRICT_PROTOTYPES = YES;
				CLANG_WARN_SUSPICIOUS_MOVE = YES;
				CLANG_WARN_UNGUARDED_AVAILABILITY = YES_AGGRESSIVE;
				CLANG_WARN_UNREACHABLE_CODE = YES;
				CLANG_WARN__DUPLICATE_METHOD_MATCH = YES;
				COPY_PHASE_STRIP = NO;
				DEBUG_INFORMATION_FORMAT = dwarf;
				ENABLE_STRICT_OBJC_MSGSEND = YES;
				ENABLE_TESTABILITY = YES;
				GCC_C_LANGUAGE_STANDARD = gnu11;
				GCC_DYNAMIC_NO_PIC = NO;
				GCC_NO_COMMON_BLOCKS = YES;
				GCC_OPTIMIZATION_LEVEL = 0;
				GCC_PREPROCESSOR_DEFINITIONS = (
					"DEBUG=1",
					"$(inherited)",
				);
				GCC_WARN_64_TO_32_BIT_CONVERSION = YES;
				GCC_WARN_ABOUT_RETURN_TYPE = YES_ERROR;
				GCC_WARN_UNDECLARED_SELECTOR = YES;
				GCC_WARN_UNINITIALIZED_AUTOS = YES_AGGRESSIVE;
				GCC_WARN_UNUSED_FUNCTION = YES;
				GCC_WARN_UNUSED_VARIABLE = YES;
				IPHONEOS_DEPLOYMENT_TARGET = 16.2;
				MTL_ENABLE_DEBUG_INFO = INCLUDE_SOURCE;
				MTL_FAST_MATH = YES;
				ONLY_ACTIVE_ARCH = YES;
				SDKROOT = iphoneos;
				SWIFT_ACTIVE_COMPILATION_CONDITIONS = DEBUG;
				SWIFT_OPTIMIZATION_LEVEL = "-Onone";
			};
			name = Debug;
		};
		BF42400B29C3114D001573D7 /* Release */ = {
			isa = XCBuildConfiguration;
			buildSettings = {
				ALWAYS_SEARCH_USER_PATHS = NO;
				CLANG_ANALYZER_NONNULL = YES;
				CLANG_ANALYZER_NUMBER_OBJECT_CONVERSION = YES_AGGRESSIVE;
				CLANG_CXX_LANGUAGE_STANDARD = "gnu++20";
				CLANG_ENABLE_MODULES = YES;
				CLANG_ENABLE_OBJC_ARC = YES;
				CLANG_ENABLE_OBJC_WEAK = YES;
				CLANG_WARN_BLOCK_CAPTURE_AUTORELEASING = YES;
				CLANG_WARN_BOOL_CONVERSION = YES;
				CLANG_WARN_COMMA = YES;
				CLANG_WARN_CONSTANT_CONVERSION = YES;
				CLANG_WARN_DEPRECATED_OBJC_IMPLEMENTATIONS = YES;
				CLANG_WARN_DIRECT_OBJC_ISA_USAGE = YES_ERROR;
				CLANG_WARN_DOCUMENTATION_COMMENTS = YES;
				CLANG_WARN_EMPTY_BODY = YES;
				CLANG_WARN_ENUM_CONVERSION = YES;
				CLANG_WARN_INFINITE_RECURSION = YES;
				CLANG_WARN_INT_CONVERSION = YES;
				CLANG_WARN_NON_LITERAL_NULL_CONVERSION = YES;
				CLANG_WARN_OBJC_IMPLICIT_RETAIN_SELF = YES;
				CLANG_WARN_OBJC_LITERAL_CONVERSION = YES;
				CLANG_WARN_OBJC_ROOT_CLASS = YES_ERROR;
				CLANG_WARN_QUOTED_INCLUDE_IN_FRAMEWORK_HEADER = YES;
				CLANG_WARN_RANGE_LOOP_ANALYSIS = YES;
				CLANG_WARN_STRICT_PROTOTYPES = YES;
				CLANG_WARN_SUSPICIOUS_MOVE = YES;
				CLANG_WARN_UNGUARDED_AVAILABILITY = YES_AGGRESSIVE;
				CLANG_WARN_UNREACHABLE_CODE = YES;
				CLANG_WARN__DUPLICATE_METHOD_MATCH = YES;
				COPY_PHASE_STRIP = NO;
				DEBUG_INFORMATION_FORMAT = "dwarf-with-dsym";
				ENABLE_NS_ASSERTIONS = NO;
				ENABLE_STRICT_OBJC_MSGSEND = YES;
				GCC_C_LANGUAGE_STANDARD = gnu11;
				GCC_NO_COMMON_BLOCKS = YES;
				GCC_WARN_64_TO_32_BIT_CONVERSION = YES;
				GCC_WARN_ABOUT_RETURN_TYPE = YES_ERROR;
				GCC_WARN_UNDECLARED_SELECTOR = YES;
				GCC_WARN_UNINITIALIZED_AUTOS = YES_AGGRESSIVE;
				GCC_WARN_UNUSED_FUNCTION = YES;
				GCC_WARN_UNUSED_VARIABLE = YES;
				IPHONEOS_DEPLOYMENT_TARGET = 16.2;
				MTL_ENABLE_DEBUG_INFO = NO;
				MTL_FAST_MATH = YES;
				SDKROOT = iphoneos;
				SWIFT_COMPILATION_MODE = wholemodule;
				SWIFT_OPTIMIZATION_LEVEL = "-O";
				VALIDATE_PRODUCT = YES;
			};
			name = Release;
		};
		BF42400D29C3114D001573D7 /* Debug */ = {
			isa = XCBuildConfiguration;
			buildSettings = {
				ASSETCATALOG_COMPILER_APPICON_NAME = AppIcon;
				ASSETCATALOG_COMPILER_GLOBAL_ACCENT_COLOR_NAME = AccentColor;
				CODE_SIGN_STYLE = Automatic;
				CURRENT_PROJECT_VERSION = 1;
				GENERATE_INFOPLIST_FILE = YES;
				INFOPLIST_FILE = myPizzaApp/Info.plist;
				INFOPLIST_KEY_LSApplicationCategoryType = "public.app-category.business";
				INFOPLIST_KEY_UIApplicationSupportsIndirectInputEvents = YES;
				INFOPLIST_KEY_UILaunchStoryboardName = LaunchScreen;
				INFOPLIST_KEY_UIMainStoryboardFile = Main;
				INFOPLIST_KEY_UIStatusBarStyle = "";
				INFOPLIST_KEY_UISupportedInterfaceOrientations = UIInterfaceOrientationPortrait;
				LD_RUNPATH_SEARCH_PATHS = (
					"$(inherited)",
					"@executable_path/Frameworks",
				);
				MARKETING_VERSION = 1.0;
				PRODUCT_BUNDLE_IDENTIFIER = ru.suprun.myPizzaApp;
				PRODUCT_NAME = "$(TARGET_NAME)";
				SUPPORTED_PLATFORMS = "iphoneos iphonesimulator";
				SUPPORTS_MACCATALYST = NO;
				SUPPORTS_MAC_DESIGNED_FOR_IPHONE_IPAD = NO;
				SWIFT_EMIT_LOC_STRINGS = YES;
				SWIFT_VERSION = 5.0;
				TARGETED_DEVICE_FAMILY = "1,2";
			};
			name = Debug;
		};
		BF42400E29C3114D001573D7 /* Release */ = {
			isa = XCBuildConfiguration;
			buildSettings = {
				ASSETCATALOG_COMPILER_APPICON_NAME = AppIcon;
				ASSETCATALOG_COMPILER_GLOBAL_ACCENT_COLOR_NAME = AccentColor;
				CODE_SIGN_STYLE = Automatic;
				CURRENT_PROJECT_VERSION = 1;
				GENERATE_INFOPLIST_FILE = YES;
				INFOPLIST_FILE = myPizzaApp/Info.plist;
				INFOPLIST_KEY_LSApplicationCategoryType = "public.app-category.business";
				INFOPLIST_KEY_UIApplicationSupportsIndirectInputEvents = YES;
				INFOPLIST_KEY_UILaunchStoryboardName = LaunchScreen;
				INFOPLIST_KEY_UIMainStoryboardFile = Main;
				INFOPLIST_KEY_UIStatusBarStyle = "";
				INFOPLIST_KEY_UISupportedInterfaceOrientations = UIInterfaceOrientationPortrait;
				LD_RUNPATH_SEARCH_PATHS = (
					"$(inherited)",
					"@executable_path/Frameworks",
				);
				MARKETING_VERSION = 1.0;
				PRODUCT_BUNDLE_IDENTIFIER = ru.suprun.myPizzaApp;
				PRODUCT_NAME = "$(TARGET_NAME)";
				SUPPORTED_PLATFORMS = "iphoneos iphonesimulator";
				SUPPORTS_MACCATALYST = NO;
				SUPPORTS_MAC_DESIGNED_FOR_IPHONE_IPAD = NO;
				SWIFT_EMIT_LOC_STRINGS = YES;
				SWIFT_VERSION = 5.0;
				TARGETED_DEVICE_FAMILY = "1,2";
			};
			name = Release;
		};
		BF42401029C3114D001573D7 /* Debug */ = {
			isa = XCBuildConfiguration;
			buildSettings = {
				ALWAYS_EMBED_SWIFT_STANDARD_LIBRARIES = YES;
				BUNDLE_LOADER = "$(TEST_HOST)";
				CODE_SIGN_STYLE = Automatic;
				CURRENT_PROJECT_VERSION = 1;
				GENERATE_INFOPLIST_FILE = YES;
				IPHONEOS_DEPLOYMENT_TARGET = 16.2;
				MARKETING_VERSION = 1.0;
				PRODUCT_BUNDLE_IDENTIFIER = ru.suprun.myPizzaAppTests;
				PRODUCT_NAME = "$(TARGET_NAME)";
				SWIFT_EMIT_LOC_STRINGS = NO;
				SWIFT_VERSION = 5.0;
				TARGETED_DEVICE_FAMILY = "1,2";
				TEST_HOST = "$(BUILT_PRODUCTS_DIR)/myPizzaApp.app/$(BUNDLE_EXECUTABLE_FOLDER_PATH)/myPizzaApp";
			};
			name = Debug;
		};
		BF42401129C3114D001573D7 /* Release */ = {
			isa = XCBuildConfiguration;
			buildSettings = {
				ALWAYS_EMBED_SWIFT_STANDARD_LIBRARIES = YES;
				BUNDLE_LOADER = "$(TEST_HOST)";
				CODE_SIGN_STYLE = Automatic;
				CURRENT_PROJECT_VERSION = 1;
				GENERATE_INFOPLIST_FILE = YES;
				IPHONEOS_DEPLOYMENT_TARGET = 16.2;
				MARKETING_VERSION = 1.0;
				PRODUCT_BUNDLE_IDENTIFIER = ru.suprun.myPizzaAppTests;
				PRODUCT_NAME = "$(TARGET_NAME)";
				SWIFT_EMIT_LOC_STRINGS = NO;
				SWIFT_VERSION = 5.0;
				TARGETED_DEVICE_FAMILY = "1,2";
				TEST_HOST = "$(BUILT_PRODUCTS_DIR)/myPizzaApp.app/$(BUNDLE_EXECUTABLE_FOLDER_PATH)/myPizzaApp";
			};
			name = Release;
		};
		BF42401329C3114D001573D7 /* Debug */ = {
			isa = XCBuildConfiguration;
			buildSettings = {
				ALWAYS_EMBED_SWIFT_STANDARD_LIBRARIES = YES;
				CODE_SIGN_STYLE = Automatic;
				CURRENT_PROJECT_VERSION = 1;
				GENERATE_INFOPLIST_FILE = YES;
				MARKETING_VERSION = 1.0;
				PRODUCT_BUNDLE_IDENTIFIER = ru.suprun.myPizzaAppUITests;
				PRODUCT_NAME = "$(TARGET_NAME)";
				SWIFT_EMIT_LOC_STRINGS = NO;
				SWIFT_VERSION = 5.0;
				TARGETED_DEVICE_FAMILY = "1,2";
				TEST_TARGET_NAME = myPizzaApp;
			};
			name = Debug;
		};
		BF42401429C3114D001573D7 /* Release */ = {
			isa = XCBuildConfiguration;
			buildSettings = {
				ALWAYS_EMBED_SWIFT_STANDARD_LIBRARIES = YES;
				CODE_SIGN_STYLE = Automatic;
				CURRENT_PROJECT_VERSION = 1;
				GENERATE_INFOPLIST_FILE = YES;
				MARKETING_VERSION = 1.0;
				PRODUCT_BUNDLE_IDENTIFIER = ru.suprun.myPizzaAppUITests;
				PRODUCT_NAME = "$(TARGET_NAME)";
				SWIFT_EMIT_LOC_STRINGS = NO;
				SWIFT_VERSION = 5.0;
				TARGETED_DEVICE_FAMILY = "1,2";
				TEST_TARGET_NAME = myPizzaApp;
			};
			name = Release;
		};
/* End XCBuildConfiguration section */

/* Begin XCConfigurationList section */
		BF423FDD29C3114C001573D7 /* Build configuration list for PBXProject "myPizzaApp" */ = {
			isa = XCConfigurationList;
			buildConfigurations = (
				BF42400A29C3114D001573D7 /* Debug */,
				BF42400B29C3114D001573D7 /* Release */,
			);
			defaultConfigurationIsVisible = 0;
			defaultConfigurationName = Release;
		};
		BF42400C29C3114D001573D7 /* Build configuration list for PBXNativeTarget "myPizzaApp" */ = {
			isa = XCConfigurationList;
			buildConfigurations = (
				BF42400D29C3114D001573D7 /* Debug */,
				BF42400E29C3114D001573D7 /* Release */,
			);
			defaultConfigurationIsVisible = 0;
			defaultConfigurationName = Release;
		};
		BF42400F29C3114D001573D7 /* Build configuration list for PBXNativeTarget "myPizzaAppTests" */ = {
			isa = XCConfigurationList;
			buildConfigurations = (
				BF42401029C3114D001573D7 /* Debug */,
				BF42401129C3114D001573D7 /* Release */,
			);
			defaultConfigurationIsVisible = 0;
			defaultConfigurationName = Release;
		};
		BF42401229C3114D001573D7 /* Build configuration list for PBXNativeTarget "myPizzaAppUITests" */ = {
			isa = XCConfigurationList;
			buildConfigurations = (
				BF42401329C3114D001573D7 /* Debug */,
				BF42401429C3114D001573D7 /* Release */,
			);
			defaultConfigurationIsVisible = 0;
			defaultConfigurationName = Release;
		};
/* End XCConfigurationList section */

/* Begin XCRemoteSwiftPackageReference section */
		BF2DAE5F29C49A260008F9FA /* XCRemoteSwiftPackageReference "Kingfisher" */ = {
			isa = XCRemoteSwiftPackageReference;
			repositoryURL = "https://github.com/onevcat/Kingfisher.git";
			requirement = {
				kind = upToNextMajorVersion;
				minimumVersion = 7.0.0;
			};
		};
/* End XCRemoteSwiftPackageReference section */

/* Begin XCSwiftPackageProductDependency section */
		BF2DAE6029C49A260008F9FA /* Kingfisher */ = {
			isa = XCSwiftPackageProductDependency;
			package = BF2DAE5F29C49A260008F9FA /* XCRemoteSwiftPackageReference "Kingfisher" */;
			productName = Kingfisher;
		};
/* End XCSwiftPackageProductDependency section */
	};
	rootObject = BF423FDA29C3114C001573D7 /* Project object */;
}
